
Microsoft Visual Studio Solution File, Format Version 12.00
# Visual Studio Version 17
VisualStudioVersion = 17.5.33530.505
MinimumVisualStudioVersion = 10.0.40219.1
Project("{FAE04EC0-301F-11D3-BF4B-00C04F79EFBC}") = "LibraryAutomation", "LibraryAutomation\LibraryAutomation.csproj", "{5AE950B9-89EA-41CB-85BD-824F8AC07AD1}"
EndProject
Global
	GlobalSection(SolutionConfigurationPlatforms) = preSolution
		Debug|Any CPU = Debug|Any CPU
		Release|Any CPU = Release|Any CPU
	EndGlobalSection
	GlobalSection(ProjectConfigurationPlatforms) = postSolution
		{5AE950B9-89EA-41CB-85BD-824F8AC07AD1}.Debug|Any CPU.ActiveCfg = Debug|Any CPU
		{5AE950B9-89EA-41CB-85BD-824F8AC07AD1}.Debug|Any CPU.Build.0 = Debug|Any CPU
		{5AE950B9-89EA-41CB-85BD-824F8AC07AD1}.Release|Any CPU.ActiveCfg = Release|Any CPU
		{5AE950B9-89EA-41CB-85BD-824F8AC07AD1}.Release|Any CPU.Build.0 = Release|Any CPU
	EndGlobalSection
	GlobalSection(SolutionProperties) = preSolution
		HideSolutionNode = FALSE
	EndGlobalSection
	GlobalSection(ExtensibilityGlobals) = postSolution
		SolutionGuid = {727B2136-2D61-4623-AAD2-E7E59208666A}
	EndGlobalSection
EndGlobal
